
Microsoft Visual Studio Solution File, Format Version 12.00
# Visual Studio Version 17
VisualStudioVersion = 17.11.35222.181
MinimumVisualStudioVersion = 10.0.40219.1
Project("{FAE04EC0-301F-11D3-BF4B-00C04F79EFBC}") = "OOBEWrapper", "OOBEWrapper\OOBEWrapper.csproj", "{6884BA4D-8E79-4AF1-AF58-1DC3B2A6E930}"
EndProject
Global
	GlobalSection(SolutionConfigurationPlatforms) = preSolution
		Debug|Any CPU = Debug|Any CPU
		Release|Any CPU = Release|Any CPU
	EndGlobalSection
	GlobalSection(ProjectConfigurationPlatforms) = postSolution
		{6884BA4D-8E79-4AF1-AF58-1DC3B2A6E930}.Debug|Any CPU.ActiveCfg = Debug|Any CPU
		{6884BA4D-8E79-4AF1-AF58-1DC3B2A6E930}.Debug|Any CPU.Build.0 = Debug|Any CPU
		{6884BA4D-8E79-4AF1-AF58-1DC3B2A6E930}.Release|Any CPU.ActiveCfg = Release|Any CPU
		{6884BA4D-8E79-4AF1-AF58-1DC3B2A6E930}.Release|Any CPU.Build.0 = Release|Any CPU
	EndGlobalSection
	GlobalSection(SolutionProperties) = preSolution
		HideSolutionNode = FALSE
	EndGlobalSection
	GlobalSection(ExtensibilityGlobals) = postSolution
		SolutionGuid = {ADEEB2F5-E935-457D-BAFF-14BE1212A51D}
	EndGlobalSection
EndGlobal
